
Microsoft Visual Studio Solution File, Format Version 12.00
# Visual Studio 2013
VisualStudioVersion = 12.0.31101.0
MinimumVisualStudioVersion = 10.0.40219.1
Project("{FAE04EC0-301F-11D3-BF4B-00C04F79EFBC}") = "ConsoleTester", "ConsoleTester\ConsoleTester.csproj", "{79E937D7-50F6-4348-AB0B-423DB09BA330}"
EndProject
Project("{FAE04EC0-301F-11D3-BF4B-00C04F79EFBC}") = "WinApp", "WinApp\WinApp.csproj", "{F67FC1A8-87DA-4E27-A81E-8B05E5EAB47A}"
EndProject
Project("{FAE04EC0-301F-11D3-BF4B-00C04F79EFBC}") = "FB.GAP.Library", "FB.GAP.Library\FB.GAP.Library.csproj", "{DF92C232-A850-490B-B1FB-AAEA676BD413}"
EndProject
Global
	GlobalSection(SolutionConfigurationPlatforms) = preSolution
		Debug|Any CPU = Debug|Any CPU
		Release|Any CPU = Release|Any CPU
	EndGlobalSection
	GlobalSection(ProjectConfigurationPlatforms) = postSolution
		{79E937D7-50F6-4348-AB0B-423DB09BA330}.Debug|Any CPU.ActiveCfg = Debug|Any CPU
		{79E937D7-50F6-4348-AB0B-423DB09BA330}.Debug|Any CPU.Build.0 = Debug|Any CPU
		{79E937D7-50F6-4348-AB0B-423DB09BA330}.Release|Any CPU.ActiveCfg = Release|Any CPU
		{79E937D7-50F6-4348-AB0B-423DB09BA330}.Release|Any CPU.Build.0 = Release|Any CPU
		{F67FC1A8-87DA-4E27-A81E-8B05E5EAB47A}.Debug|Any CPU.ActiveCfg = Debug|Any CPU
		{F67FC1A8-87DA-4E27-A81E-8B05E5EAB47A}.Debug|Any CPU.Build.0 = Debug|Any CPU
		{F67FC1A8-87DA-4E27-A81E-8B05E5EAB47A}.Release|Any CPU.ActiveCfg = Release|Any CPU
		{F67FC1A8-87DA-4E27-A81E-8B05E5EAB47A}.Release|Any CPU.Build.0 = Release|Any CPU
		{DF92C232-A850-490B-B1FB-AAEA676BD413}.Debug|Any CPU.ActiveCfg = Debug|Any CPU
		{DF92C232-A850-490B-B1FB-AAEA676BD413}.Debug|Any CPU.Build.0 = Debug|Any CPU
		{DF92C232-A850-490B-B1FB-AAEA676BD413}.Release|Any CPU.ActiveCfg = Release|Any CPU
		{DF92C232-A850-490B-B1FB-AAEA676BD413}.Release|Any CPU.Build.0 = Release|Any CPU
	EndGlobalSection
	GlobalSection(SolutionProperties) = preSolution
		HideSolutionNode = FALSE
	EndGlobalSection
EndGlobal
